
Microsoft Visual Studio Solution File, Format Version 12.00
# Visual Studio Version 16
VisualStudioVersion = 16.0.29728.190
MinimumVisualStudioVersion = 10.0.40219.1
Project("{FAE04EC0-301F-11D3-BF4B-00C04F79EFBC}") = "tpGestionBibliothèque", "tpGestionBibliothèque.csproj", "{FF97456D-86FF-4B4F-ADB1-7031392EB8F5}"
EndProject
Global
	GlobalSection(SolutionConfigurationPlatforms) = preSolution
		Debug|Any CPU = Debug|Any CPU
		Release|Any CPU = Release|Any CPU
	EndGlobalSection
	GlobalSection(ProjectConfigurationPlatforms) = postSolution
		{FF97456D-86FF-4B4F-ADB1-7031392EB8F5}.Debug|Any CPU.ActiveCfg = Debug|Any CPU
		{FF97456D-86FF-4B4F-ADB1-7031392EB8F5}.Debug|Any CPU.Build.0 = Debug|Any CPU
		{FF97456D-86FF-4B4F-ADB1-7031392EB8F5}.Release|Any CPU.ActiveCfg = Release|Any CPU
		{FF97456D-86FF-4B4F-ADB1-7031392EB8F5}.Release|Any CPU.Build.0 = Release|Any CPU
	EndGlobalSection
	GlobalSection(SolutionProperties) = preSolution
		HideSolutionNode = FALSE
	EndGlobalSection
	GlobalSection(ExtensibilityGlobals) = postSolution
		SolutionGuid = {DC650CF7-13F2-4ECD-92F8-F7498EEFCF76}
	EndGlobalSection
EndGlobal
